<?xml version="1.0" encoding="utf-8"?>
<Project ToolsVersion="4.0" xmlns="http://schemas.microsoft.com/developer/msbuild/2003">
  <ItemGroup>
    <Filter Include="source">
      <UniqueIdentifier>{57f14d8d-691b-4281-81e7-3029cf795632}</UniqueIdentifier>
    </Filter>
    <Filter Include="header">
      <UniqueIdentifier>{61bac018-d413-4fdf-84de-150a37e621cd}</UniqueIdentifier>
    </Filter>
  </ItemGroup>
  <ItemGroup>
    <ClInclude Include="..\header\Configuration.h">
      <Filter>header</Filter>
    </ClInclude>
    <ClInclude Include="..\header\Convert.h">
      <Filter>header</Filter>
    </ClInclude>
    <ClInclude Include="..\header\Defines.h">
      <Filter>header</Filter>
    </ClInclude>
    <ClInclude Include="..\header\infection.h">
      <Filter>header</Filter>
    </ClInclude>
    <ClInclude Include="..\header\motion.h">
      <Filter>header</Filter>
    </ClInclude>
    <ClInclude Include="..\header\path_planning.h">
      <Filter>header</Filter>
    </ClInclude>
    <ClInclude Include="..\header\Population_trackers.h">
      <Filter>header</Filter>
    </ClInclude>
    <ClInclude Include="..\header\RandomDevice.h">
      <Filter>header</Filter>
    </ClInclude>
    <ClInclude Include="..\header\simulation.h">
      <Filter>header</Filter>
    </ClInclude>
    <ClInclude Include="..\header\tic_toc.h">
      <Filter>header</Filter>
    </ClInclude>
    <ClInclude Include="..\header\utilities.h">
      <Filter>header</Filter>
    </ClInclude>
  </ItemGroup>
  <ItemGroup>
    <ClCompile Include="..\src\Configuration.cpp">
      <Filter>source</Filter>
    </ClCompile>
    <ClCompile Include="..\src\Convert.cpp">
      <Filter>source</Filter>
    </ClCompile>
    <ClCompile Include="..\src\covidsim.cpp">
      <Filter>source</Filter>
    </ClCompile>
    <ClCompile Include="..\src\infection.cpp">
      <Filter>source</Filter>
    </ClCompile>
    <ClCompile Include="..\src\motion.cpp">
      <Filter>source</Filter>
    </ClCompile>
    <ClCompile Include="..\src\path_planning.cpp">
      <Filter>source</Filter>
    </ClCompile>
    <ClCompile Include="..\src\Population_trackers.cpp">
      <Filter>source</Filter>
    </ClCompile>
    <ClCompile Include="..\src\RandomDevice.cpp">
      <Filter>source</Filter>
    </ClCompile>
    <ClCompile Include="..\src\simulation.cpp">
      <Filter>source</Filter>
    </ClCompile>
    <ClCompile Include="..\src\utilities.cpp">
      <Filter>source</Filter>
    </ClCompile>
  </ItemGroup>
</Project>