<?xml version="1.0" encoding="utf-8"?>
<Project ToolsVersion="4.0" xmlns="http://schemas.microsoft.com/developer/msbuild/2003">
  <ItemGroup>
    <Filter Include="source">
      <UniqueIdentifier>{89675608-4970-4364-8d5f-b21fa3c432dd}</UniqueIdentifier>
    </Filter>
    <Filter Include="header">
      <UniqueIdentifier>{d9fc197b-9ce5-4993-a6ce-a336161ec69e}</UniqueIdentifier>
    </Filter>
  </ItemGroup>
  <ItemGroup>
    <ClCompile Include="..\src\NOMAD_Evaluator_singleobj.cpp">
      <Filter>source</Filter>
    </ClCompile>
    <ClCompile Include="..\src\io_blackbox_functions.cpp">
      <Filter>source</Filter>
    </ClCompile>
    <ClCompile Include="..\src\COVID_opt_main.cpp">
      <Filter>source</Filter>
    </ClCompile>
    <ClCompile Include="..\src\io_utilities.cpp">
      <Filter>source</Filter>
    </ClCompile>
  </ItemGroup>
  <ItemGroup>
    <ClInclude Include="..\header\NOMAD_Evaluator_singleobj.h">
      <Filter>header</Filter>
    </ClInclude>
    <ClInclude Include="..\header\io_blackbox_functions.h">
      <Filter>header</Filter>
    </ClInclude>
    <ClInclude Include="..\header\io_utilities.h">
      <Filter>header</Filter>
    </ClInclude>
  </ItemGroup>
</Project>